
Microsoft Visual Studio Solution File, Format Version 12.00
# Visual Studio 15
VisualStudioVersion = 15.0.28010.2048
MinimumVisualStudioVersion = 10.0.40219.1
Project("{9A19103F-16F7-4668-BE54-9A1E7A4F7556}") = "JuraMarin.Web", "JuraMarin.Web\JuraMarin.Web.csproj", "{CCA9C29E-7C4A-42CA-A88E-2C9051B7AEC4}"
EndProject
Project("{9A19103F-16F7-4668-BE54-9A1E7A4F7556}") = "JuraMarin.Data", "JuraMarin.Data\JuraMarin.Data.csproj", "{E5A14B9D-0D60-44A0-A7C2-AFDED74D7DF2}"
EndProject
Project("{9A19103F-16F7-4668-BE54-9A1E7A4F7556}") = "JuraMarin.Domain", "JuraMarin.Domain\JuraMarin.Domain.csproj", "{DFFDE0F4-05BC-4518-AD25-B9B93223E5A8}"
EndProject
Project("{9A19103F-16F7-4668-BE54-9A1E7A4F7556}") = "JuraMarin.xUnit", "JuraMarin.xUnit\JuraMarin.xUnit.csproj", "{D57D87F9-B760-455F-9261-2FE41663409F}"
EndProject
Global
	GlobalSection(SolutionConfigurationPlatforms) = preSolution
		Debug|Any CPU = Debug|Any CPU
		Release|Any CPU = Release|Any CPU
	EndGlobalSection
	GlobalSection(ProjectConfigurationPlatforms) = postSolution
		{CCA9C29E-7C4A-42CA-A88E-2C9051B7AEC4}.Debug|Any CPU.ActiveCfg = Debug|Any CPU
		{CCA9C29E-7C4A-42CA-A88E-2C9051B7AEC4}.Debug|Any CPU.Build.0 = Debug|Any CPU
		{CCA9C29E-7C4A-42CA-A88E-2C9051B7AEC4}.Release|Any CPU.ActiveCfg = Release|Any CPU
		{CCA9C29E-7C4A-42CA-A88E-2C9051B7AEC4}.Release|Any CPU.Build.0 = Release|Any CPU
		{E5A14B9D-0D60-44A0-A7C2-AFDED74D7DF2}.Debug|Any CPU.ActiveCfg = Debug|Any CPU
		{E5A14B9D-0D60-44A0-A7C2-AFDED74D7DF2}.Debug|Any CPU.Build.0 = Debug|Any CPU
		{E5A14B9D-0D60-44A0-A7C2-AFDED74D7DF2}.Release|Any CPU.ActiveCfg = Release|Any CPU
		{E5A14B9D-0D60-44A0-A7C2-AFDED74D7DF2}.Release|Any CPU.Build.0 = Release|Any CPU
		{DFFDE0F4-05BC-4518-AD25-B9B93223E5A8}.Debug|Any CPU.ActiveCfg = Debug|Any CPU
		{DFFDE0F4-05BC-4518-AD25-B9B93223E5A8}.Debug|Any CPU.Build.0 = Debug|Any CPU
		{DFFDE0F4-05BC-4518-AD25-B9B93223E5A8}.Release|Any CPU.ActiveCfg = Release|Any CPU
		{DFFDE0F4-05BC-4518-AD25-B9B93223E5A8}.Release|Any CPU.Build.0 = Release|Any CPU
		{D57D87F9-B760-455F-9261-2FE41663409F}.Debug|Any CPU.ActiveCfg = Debug|Any CPU
		{D57D87F9-B760-455F-9261-2FE41663409F}.Debug|Any CPU.Build.0 = Debug|Any CPU
		{D57D87F9-B760-455F-9261-2FE41663409F}.Release|Any CPU.ActiveCfg = Release|Any CPU
		{D57D87F9-B760-455F-9261-2FE41663409F}.Release|Any CPU.Build.0 = Release|Any CPU
	EndGlobalSection
	GlobalSection(SolutionProperties) = preSolution
		HideSolutionNode = FALSE
	EndGlobalSection
	GlobalSection(ExtensibilityGlobals) = postSolution
		SolutionGuid = {D496D53E-BA26-4991-A183-2159CA2C2A76}
	EndGlobalSection
	GlobalSection(AutomaticVersions) = postSolution
		UpdateAssemblyVersion = True
		UpdateAssemblyFileVersion = True
		UpdateAssemblyInfoVersion = True
		ShouldCreateLogs = True
		AdvancedSettingsExpanded = True
		AssemblyVersionSettings = YearStamp.MonthStamp.DayStamp.Increment
		AssemblyFileVersionSettings = YearStamp.MonthStamp.DayStamp.Increment
		AssemblyInfoVersionSettings = YearStamp.MonthStamp.DayStamp.Increment
		UpdatePackageVersion = False
		AssemblyInfoVersionType = SettingsVersion
	EndGlobalSection
EndGlobal
